// !$*UTF8*$!
{
	archiveVersion = 1;
	classes = {
	};
	objectVersion = 46;
	objects = {

/* Begin PBXBuildFile section */
		B6A590101C119952001AB6FE /* AppDelegate.swift in Sources */ = {isa = PBXBuildFile; fileRef = B6A5900F1C119952001AB6FE /* AppDelegate.swift */; };
		B6A590121C119952001AB6FE /* MasterViewController.swift in Sources */ = {isa = PBXBuildFile; fileRef = B6A590111C119952001AB6FE /* MasterViewController.swift */; };
		B6A590141C119952001AB6FE /* DetailViewController.swift in Sources */ = {isa = PBXBuildFile; fileRef = B6A590131C119952001AB6FE /* DetailViewController.swift */; };
		B6A590171C119952001AB6FE /* Main.storyboard in Resources */ = {isa = PBXBuildFile; fileRef = B6A590151C119952001AB6FE /* Main.storyboard */; };
		B6A590191C119952001AB6FE /* Assets.xcassets in Resources */ = {isa = PBXBuildFile; fileRef = B6A590181C119952001AB6FE /* Assets.xcassets */; };
		B6A5901C1C119952001AB6FE /* LaunchScreen.storyboard in Resources */ = {isa = PBXBuildFile; fileRef = B6A5901A1C119952001AB6FE /* LaunchScreen.storyboard */; };
		B6A590271C119952001AB6FE /* SimplePeriodTests.swift in Sources */ = {isa = PBXBuildFile; fileRef = B6A590261C119952001AB6FE /* SimplePeriodTests.swift */; };
		B6A590321C119952001AB6FE /* SimplePeriodUITests.swift in Sources */ = {isa = PBXBuildFile; fileRef = B6A590311C119952001AB6FE /* SimplePeriodUITests.swift */; };
/* End PBXBuildFile section */

/* Begin PBXContainerItemProxy section */
		B6A590231C119952001AB6FE /* PBXContainerItemProxy */ = {
			isa = PBXContainerItemProxy;
			containerPortal = B6A590041C119952001AB6FE /* Project object */;
			proxyType = 1;
			remoteGlobalIDString = B6A5900B1C119952001AB6FE;
			remoteInfo = SimplePeriod;
		};
		B6A5902E1C119952001AB6FE /* PBXContainerItemProxy */ = {
			isa = PBXContainerItemProxy;
			containerPortal = B6A590041C119952001AB6FE /* Project object */;
			proxyType = 1;
			remoteGlobalIDString = B6A5900B1C119952001AB6FE;
			remoteInfo = SimplePeriod;
		};
/* End PBXContainerItemProxy section */

/* Begin PBXFileReference section */
		B6A5900C1C119952001AB6FE /* SimplePeriod.app */ = {isa = PBXFileReference; explicitFileType = wrapper.application; includeInIndex = 0; path = SimplePeriod.app; sourceTree = BUILT_PRODUCTS_DIR; };
		B6A5900F1C119952001AB6FE /* AppDelegate.swift */ = {isa = PBXFileReference; lastKnownFileType = sourcecode.swift; path = AppDelegate.swift; sourceTree = "<group>"; };
		B6A590111C119952001AB6FE /* MasterViewController.swift */ = {isa = PBXFileReference; lastKnownFileType = sourcecode.swift; path = MasterViewController.swift; sourceTree = "<group>"; };
		B6A590131C119952001AB6FE /* DetailViewController.swift */ = {isa = PBXFileReference; lastKnownFileType = sourcecode.swift; path = DetailViewController.swift; sourceTree = "<group>"; };
		B6A590161C119952001AB6FE /* Base */ = {isa = PBXFileReference; lastKnownFileType = file.storyboard; name = Base; path = Base.lproj/Main.storyboard; sourceTree = "<group>"; };
		B6A590181C119952001AB6FE /* Assets.xcassets */ = {isa = PBXFileReference; lastKnownFileType = folder.assetcatalog; path = Assets.xcassets; sourceTree = "<group>"; };
		B6A5901B1C119952001AB6FE /* Base */ = {isa = PBXFileReference; lastKnownFileType = file.storyboard; name = Base; path = Base.lproj/LaunchScreen.storyboard; sourceTree = "<group>"; };
		B6A5901D1C119952001AB6FE /* Info.plist */ = {isa = PBXFileReference; lastKnownFileType = text.plist.xml; path = Info.plist; sourceTree = "<group>"; };
		B6A590221C119952001AB6FE /* SimplePeriodTests.xctest */ = {isa = PBXFileReference; explicitFileType = wrapper.cfbundle; includeInIndex = 0; path = SimplePeriodTests.xctest; sourceTree = BUILT_PRODUCTS_DIR; };
		B6A590261C119952001AB6FE /* SimplePeriodTests.swift */ = {isa = PBXFileReference; lastKnownFileType = sourcecode.swift; path = SimplePeriodTests.swift; sourceTree = "<group>"; };
		B6A590281C119952001AB6FE /* Info.plist */ = {isa = PBXFileReference; lastKnownFileType = text.plist.xml; path = Info.plist; sourceTree = "<group>"; };
		B6A5902D1C119952001AB6FE /* SimplePeriodUITests.xctest */ = {isa = PBXFileReference; explicitFileType = wrapper.cfbundle; includeInIndex = 0; path = SimplePeriodUITests.xctest; sourceTree = BUILT_PRODUCTS_DIR; };
		B6A590311C119952001AB6FE /* SimplePeriodUITests.swift */ = {isa = PBXFileReference; lastKnownFileType = sourcecode.swift; path = SimplePeriodUITests.swift; sourceTree = "<group>"; };
		B6A590331C119952001AB6FE /* Info.plist */ = {isa = PBXFileReference; lastKnownFileType = text.plist.xml; path = Info.plist; sourceTree = "<group>"; };
/* End PBXFileReference section */

/* Begin PBXFrameworksBuildPhase section */
		B6A590091C119952001AB6FE /* Frameworks */ = {
			isa = PBXFrameworksBuildPhase;
			buildActionMask = 2147483647;
			files = (
			);
			runOnlyForDeploymentPostprocessing = 0;
		};
		B6A5901F1C119952001AB6FE /* Frameworks */ = {
			isa = PBXFrameworksBuildPhase;
			buildActionMask = 2147483647;
			files = (
			);
			runOnlyForDeploymentPostprocessing = 0;
		};
		B6A5902A1C119952001AB6FE /* Frameworks */ = {
			isa = PBXFrameworksBuildPhase;
			buildActionMask = 2147483647;
			files = (
			);
			runOnlyForDeploymentPostprocessing = 0;
		};
/* End PBXFrameworksBuildPhase section */

/* Begin PBXGroup section */
		B6A590031C119952001AB6FE = {
			isa = PBXGroup;
			children = (
				B6A5900E1C119952001AB6FE /* SimplePeriod */,
				B6A590251C119952001AB6FE /* SimplePeriodTests */,
				B6A590301C119952001AB6FE /* SimplePeriodUITests */,
				B6A5900D1C119952001AB6FE /* Products */,
			);
			sourceTree = "<group>";
		};
		B6A5900D1C119952001AB6FE /* Products */ = {
			isa = PBXGroup;
			children = (
				B6A5900C1C119952001AB6FE /* SimplePeriod.app */,
				B6A590221C119952001AB6FE /* SimplePeriodTests.xctest */,
				B6A5902D1C119952001AB6FE /* SimplePeriodUITests.xctest */,
			);
			name = Products;
			sourceTree = "<group>";
		};
		B6A5900E1C119952001AB6FE /* SimplePeriod */ = {
			isa = PBXGroup;
			children = (
				B6A5900F1C119952001AB6FE /* AppDelegate.swift */,
				B6A590111C119952001AB6FE /* MasterViewController.swift */,
				B6A590131C119952001AB6FE /* DetailViewController.swift */,
				B6A590151C119952001AB6FE /* Main.storyboard */,
				B6A590181C119952001AB6FE /* Assets.xcassets */,
				B6A5901A1C119952001AB6FE /* LaunchScreen.storyboard */,
				B6A5901D1C119952001AB6FE /* Info.plist */,
			);
			path = SimplePeriod;
			sourceTree = "<group>";
		};
		B6A590251C119952001AB6FE /* SimplePeriodTests */ = {
			isa = PBXGroup;
			children = (
				B6A590261C119952001AB6FE /* SimplePeriodTests.swift */,
				B6A590281C119952001AB6FE /* Info.plist */,
			);
			path = SimplePeriodTests;
			sourceTree = "<group>";
		};
		B6A590301C119952001AB6FE /* SimplePeriodUITests */ = {
			isa = PBXGroup;
			children = (
				B6A590311C119952001AB6FE /* SimplePeriodUITests.swift */,
				B6A590331C119952001AB6FE /* Info.plist */,
			);
			path = SimplePeriodUITests;
			sourceTree = "<group>";
		};
/* End PBXGroup section */

/* Begin PBXNativeTarget section */
		B6A5900B1C119952001AB6FE /* SimplePeriod */ = {
			isa = PBXNativeTarget;
			buildConfigurationList = B6A590361C119952001AB6FE /* Build configuration list for PBXNativeTarget "SimplePeriod" */;
			buildPhases = (
				B6A590081C119952001AB6FE /* Sources */,
				B6A590091C119952001AB6FE /* Frameworks */,
				B6A5900A1C119952001AB6FE /* Resources */,
			);
			buildRules = (
			);
			dependencies = (
			);
			name = SimplePeriod;
			productName = SimplePeriod;
			productReference = B6A5900C1C119952001AB6FE /* SimplePeriod.app */;
			productType = "com.apple.product-type.application";
		};
		B6A590211C119952001AB6FE /* SimplePeriodTests */ = {
			isa = PBXNativeTarget;
			buildConfigurationList = B6A590391C119952001AB6FE /* Build configuration list for PBXNativeTarget "SimplePeriodTests" */;
			buildPhases = (
				B6A5901E1C119952001AB6FE /* Sources */,
				B6A5901F1C119952001AB6FE /* Frameworks */,
				B6A590201C119952001AB6FE /* Resources */,
			);
			buildRules = (
			);
			dependencies = (
				B6A590241C119952001AB6FE /* PBXTargetDependency */,
			);
			name = SimplePeriodTests;
			productName = SimplePeriodTests;
			productReference = B6A590221C119952001AB6FE /* SimplePeriodTests.xctest */;
			productType = "com.apple.product-type.bundle.unit-test";
		};
		B6A5902C1C119952001AB6FE /* SimplePeriodUITests */ = {
			isa = PBXNativeTarget;
			buildConfigurationList = B6A5903C1C119952001AB6FE /* Build configuration list for PBXNativeTarget "SimplePeriodUITests" */;
			buildPhases = (
				B6A590291C119952001AB6FE /* Sources */,
				B6A5902A1C119952001AB6FE /* Frameworks */,
				B6A5902B1C119952001AB6FE /* Resources */,
			);
			buildRules = (
			);
			dependencies = (
				B6A5902F1C119952001AB6FE /* PBXTargetDependency */,
			);
			name = SimplePeriodUITests;
			productName = SimplePeriodUITests;
			productReference = B6A5902D1C119952001AB6FE /* SimplePeriodUITests.xctest */;
			productType = "com.apple.product-type.bundle.ui-testing";
		};
/* End PBXNativeTarget section */

/* Begin PBXProject section */
		B6A590041C119952001AB6FE /* Project object */ = {
			isa = PBXProject;
			attributes = {
				LastUpgradeCheck = 0700;
				ORGANIZATIONNAME = umiringo;
				TargetAttributes = {
					B6A5900B1C119952001AB6FE = {
						CreatedOnToolsVersion = 7.0;
					};
					B6A590211C119952001AB6FE = {
						CreatedOnToolsVersion = 7.0;
						TestTargetID = B6A5900B1C119952001AB6FE;
					};
					B6A5902C1C119952001AB6FE = {
						CreatedOnToolsVersion = 7.0;
						TestTargetID = B6A5900B1C119952001AB6FE;
					};
				};
			};
			buildConfigurationList = B6A590071C119952001AB6FE /* Build configuration list for PBXProject "SimplePeriod" */;
			compatibilityVersion = "Xcode 3.2";
			developmentRegion = English;
			hasScannedForEncodings = 0;
			knownRegions = (
				en,
				Base,
			);
			mainGroup = B6A590031C119952001AB6FE;
			productRefGroup = B6A5900D1C119952001AB6FE /* Products */;
			projectDirPath = "";
			projectRoot = "";
			targets = (
				B6A5900B1C119952001AB6FE /* SimplePeriod */,
				B6A590211C119952001AB6FE /* SimplePeriodTests */,
				B6A5902C1C119952001AB6FE /* SimplePeriodUITests */,
			);
		};
/* End PBXProject section */

/* Begin PBXResourcesBuildPhase section */
		B6A5900A1C119952001AB6FE /* Resources */ = {
			isa = PBXResourcesBuildPhase;
			buildActionMask = 2147483647;
			files = (
				B6A5901C1C119952001AB6FE /* LaunchScreen.storyboard in Resources */,
				B6A590191C119952001AB6FE /* Assets.xcassets in Resources */,
				B6A590171C119952001AB6FE /* Main.storyboard in Resources */,
			);
			runOnlyForDeploymentPostprocessing = 0;
		};
		B6A590201C119952001AB6FE /* Resources */ = {
			isa = PBXResourcesBuildPhase;
			buildActionMask = 2147483647;
			files = (
			);
			runOnlyForDeploymentPostprocessing = 0;
		};
		B6A5902B1C119952001AB6FE /* Resources */ = {
			isa = PBXResourcesBuildPhase;
			buildActionMask = 2147483647;
			files = (
			);
			runOnlyForDeploymentPostprocessing = 0;
		};
/* End PBXResourcesBuildPhase section */

/* Begin PBXSourcesBuildPhase section */
		B6A590081C119952001AB6FE /* Sources */ = {
			isa = PBXSourcesBuildPhase;
			buildActionMask = 2147483647;
			files = (
				B6A590141C119952001AB6FE /* DetailViewController.swift in Sources */,
				B6A590121C119952001AB6FE /* MasterViewController.swift in Sources */,
				B6A590101C119952001AB6FE /* AppDelegate.swift in Sources */,
			);
			runOnlyForDeploymentPostprocessing = 0;
		};
		B6A5901E1C119952001AB6FE /* Sources */ = {
			isa = PBXSourcesBuildPhase;
			buildActionMask = 2147483647;
			files = (
				B6A590271C119952001AB6FE /* SimplePeriodTests.swift in Sources */,
			);
			runOnlyForDeploymentPostprocessing = 0;
		};
		B6A590291C119952001AB6FE /* Sources */ = {
			isa = PBXSourcesBuildPhase;
			buildActionMask = 2147483647;
			files = (
				B6A590321C119952001AB6FE /* SimplePeriodUITests.swift in Sources */,
			);
			runOnlyForDeploymentPostprocessing = 0;
		};
/* End PBXSourcesBuildPhase section */

/* Begin PBXTargetDependency section */
		B6A590241C119952001AB6FE /* PBXTargetDependency */ = {
			isa = PBXTargetDependency;
			target = B6A5900B1C119952001AB6FE /* SimplePeriod */;
			targetProxy = B6A590231C119952001AB6FE /* PBXContainerItemProxy */;
		};
		B6A5902F1C119952001AB6FE /* PBXTargetDependency */ = {
			isa = PBXTargetDependency;
			target = B6A5900B1C119952001AB6FE /* SimplePeriod */;
			targetProxy = B6A5902E1C119952001AB6FE /* PBXContainerItemProxy */;
		};
/* End PBXTargetDependency section */

/* Begin PBXVariantGroup section */
		B6A590151C119952001AB6FE /* Main.storyboard */ = {
			isa = PBXVariantGroup;
			children = (
				B6A590161C119952001AB6FE /* Base */,
			);
			name = Main.storyboard;
			sourceTree = "<group>";
		};
		B6A5901A1C119952001AB6FE /* LaunchScreen.storyboard */ = {
			isa = PBXVariantGroup;
			children = (
				B6A5901B1C119952001AB6FE /* Base */,
			);
			name = LaunchScreen.storyboard;
			sourceTree = "<group>";
		};
/* End PBXVariantGroup section */

/* Begin XCBuildConfiguration section */
		B6A590341C119952001AB6FE /* Debug */ = {
			isa = XCBuildConfiguration;
			buildSettings = {
				ALWAYS_SEARCH_USER_PATHS = NO;
				CLANG_CXX_LANGUAGE_STANDARD = "gnu++0x";
				CLANG_CXX_LIBRARY = "libc++";
				CLANG_ENABLE_MODULES = YES;
				CLANG_ENABLE_OBJC_ARC = YES;
				CLANG_WARN_BOOL_CONVERSION = YES;
				CLANG_WARN_CONSTANT_CONVERSION = YES;
				CLANG_WARN_DIRECT_OBJC_ISA_USAGE = YES_ERROR;
				CLANG_WARN_EMPTY_BODY = YES;
				CLANG_WARN_ENUM_CONVERSION = YES;
				CLANG_WARN_INT_CONVERSION = YES;
				CLANG_WARN_OBJC_ROOT_CLASS = YES_ERROR;
				CLANG_WARN_UNREACHABLE_CODE = YES;
				CLANG_WARN__DUPLICATE_METHOD_MATCH = YES;
				"CODE_SIGN_IDENTITY[sdk=iphoneos*]" = "iPhone Developer";
				COPY_PHASE_STRIP = NO;
				DEBUG_INFORMATION_FORMAT = dwarf;
				ENABLE_STRICT_OBJC_MSGSEND = YES;
				ENABLE_TESTABILITY = YES;
				GCC_C_LANGUAGE_STANDARD = gnu99;
				GCC_DYNAMIC_NO_PIC = NO;
				GCC_NO_COMMON_BLOCKS = YES;
				GCC_OPTIMIZATION_LEVEL = 0;
				GCC_PREPROCESSOR_DEFINITIONS = (
					"DEBUG=1",
					"$(inherited)",
				);
				GCC_WARN_64_TO_32_BIT_CONVERSION = YES;
				GCC_WARN_ABOUT_RETURN_TYPE = YES_ERROR;
				GCC_WARN_UNDECLARED_SELECTOR = YES;
				GCC_WARN_UNINITIALIZED_AUTOS = YES_AGGRESSIVE;
				GCC_WARN_UNUSED_FUNCTION = YES;
				GCC_WARN_UNUSED_VARIABLE = YES;
				IPHONEOS_DEPLOYMENT_TARGET = 9.0;
				MTL_ENABLE_DEBUG_INFO = YES;
				ONLY_ACTIVE_ARCH = YES;
				SDKROOT = iphoneos;
				SWIFT_OPTIMIZATION_LEVEL = "-Onone";
			};
			name = Debug;
		};
		B6A590351C119952001AB6FE /* Release */ = {
			isa = XCBuildConfiguration;
			buildSettings = {
				ALWAYS_SEARCH_USER_PATHS = NO;
				CLANG_CXX_LANGUAGE_STANDARD = "gnu++0x";
				CLANG_CXX_LIBRARY = "libc++";
				CLANG_ENABLE_MODULES = YES;
				CLANG_ENABLE_OBJC_ARC = YES;
				CLANG_WARN_BOOL_CONVERSION = YES;
				CLANG_WARN_CONSTANT_CONVERSION = YES;
				CLANG_WARN_DIRECT_OBJC_ISA_USAGE = YES_ERROR;
				CLANG_WARN_EMPTY_BODY = YES;
				CLANG_WARN_ENUM_CONVERSION = YES;
				CLANG_WARN_INT_CONVERSION = YES;
				CLANG_WARN_OBJC_ROOT_CLASS = YES_ERROR;
				CLANG_WARN_UNREACHABLE_CODE = YES;
				CLANG_WARN__DUPLICATE_METHOD_MATCH = YES;
				"CODE_SIGN_IDENTITY[sdk=iphoneos*]" = "iPhone Developer";
				COPY_PHASE_STRIP = NO;
				DEBUG_INFORMATION_FORMAT = "dwarf-with-dsym";
				ENABLE_NS_ASSERTIONS = NO;
				ENABLE_STRICT_OBJC_MSGSEND = YES;
				GCC_C_LANGUAGE_STANDARD = gnu99;
				GCC_NO_COMMON_BLOCKS = YES;
				GCC_WARN_64_TO_32_BIT_CONVERSION = YES;
				GCC_WARN_ABOUT_RETURN_TYPE = YES_ERROR;
				GCC_WARN_UNDECLARED_SELECTOR = YES;
				GCC_WARN_UNINITIALIZED_AUTOS = YES_AGGRESSIVE;
				GCC_WARN_UNUSED_FUNCTION = YES;
				GCC_WARN_UNUSED_VARIABLE = YES;
				IPHONEOS_DEPLOYMENT_TARGET = 9.0;
				MTL_ENABLE_DEBUG_INFO = NO;
				SDKROOT = iphoneos;
				VALIDATE_PRODUCT = YES;
			};
			name = Release;
		};
		B6A590371C119952001AB6FE /* Debug */ = {
			isa = XCBuildConfiguration;
			buildSettings = {
				ASSETCATALOG_COMPILER_APPICON_NAME = AppIcon;
				INFOPLIST_FILE = SimplePeriod/Info.plist;
				LD_RUNPATH_SEARCH_PATHS = "$(inherited) @executable_path/Frameworks";
				PRODUCT_BUNDLE_IDENTIFIER = umiringo.SimplePeriod;
				PRODUCT_NAME = "$(TARGET_NAME)";
			};
			name = Debug;
		};
		B6A590381C119952001AB6FE /* Release */ = {
			isa = XCBuildConfiguration;
			buildSettings = {
				ASSETCATALOG_COMPILER_APPICON_NAME = AppIcon;
				INFOPLIST_FILE = SimplePeriod/Info.plist;
				LD_RUNPATH_SEARCH_PATHS = "$(inherited) @executable_path/Frameworks";
				PRODUCT_BUNDLE_IDENTIFIER = umiringo.SimplePeriod;
				PRODUCT_NAME = "$(TARGET_NAME)";
			};
			name = Release;
		};
		B6A5903A1C119952001AB6FE /* Debug */ = {
			isa = XCBuildConfiguration;
			buildSettings = {
				BUNDLE_LOADER = "$(TEST_HOST)";
				INFOPLIST_FILE = SimplePeriodTests/Info.plist;
				LD_RUNPATH_SEARCH_PATHS = "$(inherited) @executable_path/Frameworks @loader_path/Frameworks";
				PRODUCT_BUNDLE_IDENTIFIER = umiringo.SimplePeriodTests;
				PRODUCT_NAME = "$(TARGET_NAME)";
				TEST_HOST = "$(BUILT_PRODUCTS_DIR)/SimplePeriod.app/SimplePeriod";
			};
			name = Debug;
		};
		B6A5903B1C119952001AB6FE /* Release */ = {
			isa = XCBuildConfiguration;
			buildSettings = {
				BUNDLE_LOADER = "$(TEST_HOST)";
				INFOPLIST_FILE = SimplePeriodTests/Info.plist;
				LD_RUNPATH_SEARCH_PATHS = "$(inherited) @executable_path/Frameworks @loader_path/Frameworks";
				PRODUCT_BUNDLE_IDENTIFIER = umiringo.SimplePeriodTests;
				PRODUCT_NAME = "$(TARGET_NAME)";
				TEST_HOST = "$(BUILT_PRODUCTS_DIR)/SimplePeriod.app/SimplePeriod";
			};
			name = Release;
		};
		B6A5903D1C119952001AB6FE /* Debug */ = {
			isa = XCBuildConfiguration;
			buildSettings = {
				INFOPLIST_FILE = SimplePeriodUITests/Info.plist;
				LD_RUNPATH_SEARCH_PATHS = "$(inherited) @executable_path/Frameworks @loader_path/Frameworks";
				PRODUCT_BUNDLE_IDENTIFIER = umiringo.SimplePeriodUITests;
				PRODUCT_NAME = "$(TARGET_NAME)";
				TEST_TARGET_NAME = SimplePeriod;
				USES_XCTRUNNER = YES;
			};
			name = Debug;
		};
		B6A5903E1C119952001AB6FE /* Release */ = {
			isa = XCBuildConfiguration;
			buildSettings = {
				INFOPLIST_FILE = SimplePeriodUITests/Info.plist;
				LD_RUNPATH_SEARCH_PATHS = "$(inherited) @executable_path/Frameworks @loader_path/Frameworks";
				PRODUCT_BUNDLE_IDENTIFIER = umiringo.SimplePeriodUITests;
				PRODUCT_NAME = "$(TARGET_NAME)";
				TEST_TARGET_NAME = SimplePeriod;
				USES_XCTRUNNER = YES;
			};
			name = Release;
		};
/* End XCBuildConfiguration section */

/* Begin XCConfigurationList section */
		B6A590071C119952001AB6FE /* Build configuration list for PBXProject "SimplePeriod" */ = {
			isa = XCConfigurationList;
			buildConfigurations = (
				B6A590341C119952001AB6FE /* Debug */,
				B6A590351C119952001AB6FE /* Release */,
			);
			defaultConfigurationIsVisible = 0;
			defaultConfigurationName = Release;
		};
		B6A590361C119952001AB6FE /* Build configuration list for PBXNativeTarget "SimplePeriod" */ = {
			isa = XCConfigurationList;
			buildConfigurations = (
				B6A590371C119952001AB6FE /* Debug */,
				B6A590381C119952001AB6FE /* Release */,
			);
			defaultConfigurationIsVisible = 0;
		};
		B6A590391C119952001AB6FE /* Build configuration list for PBXNativeTarget "SimplePeriodTests" */ = {
			isa = XCConfigurationList;
			buildConfigurations = (
				B6A5903A1C119952001AB6FE /* Debug */,
				B6A5903B1C119952001AB6FE /* Release */,
			);
			defaultConfigurationIsVisible = 0;
		};
		B6A5903C1C119952001AB6FE /* Build configuration list for PBXNativeTarget "SimplePeriodUITests" */ = {
			isa = XCConfigurationList;
			buildConfigurations = (
				B6A5903D1C119952001AB6FE /* Debug */,
				B6A5903E1C119952001AB6FE /* Release */,
			);
			defaultConfigurationIsVisible = 0;
		};
/* End XCConfigurationList section */
	};
	rootObject = B6A590041C119952001AB6FE /* Project object */;
}
